
Microsoft Visual Studio Solution File, Format Version 12.00
# Visual Studio Version 17
VisualStudioVersion = 17.5.002.0
MinimumVisualStudioVersion = 10.0.40219.1
Project("{9A19103F-16F7-4668-BE54-9A1E7A4F7556}") = "Data.LiteratureTime.Worker", "Data.LiteratureTime.Worker\Data.LiteratureTime.Worker.csproj", "{EE283328-26B2-48A6-8D46-C5C4D831A18F}"
EndProject
Project("{9A19103F-16F7-4668-BE54-9A1E7A4F7556}") = "Data.LiteratureTime.Core", "Data.LiteratureTime.Core\Data.LiteratureTime.Core.csproj", "{D46E3225-1C81-42BD-8B56-02FDD6CA3347}"
EndProject
Project("{9A19103F-16F7-4668-BE54-9A1E7A4F7556}") = "Irrbloss", "Irrbloss\Irrbloss.csproj", "{B4A72861-3B6D-4751-BC49-A0338E17ED87}"
EndProject
Project("{9A19103F-16F7-4668-BE54-9A1E7A4F7556}") = "Data.LiteratureTime.Infrastructure", "Data.LiteratureTime.Infrastructure\Data.LiteratureTime.Infrastructure.csproj", "{7798643D-9575-4DF1-AE08-7B8C8A54B427}"
EndProject
Global
	GlobalSection(SolutionConfigurationPlatforms) = preSolution
		Debug|Any CPU = Debug|Any CPU
		Release|Any CPU = Release|Any CPU
	EndGlobalSection
	GlobalSection(ProjectConfigurationPlatforms) = postSolution
		{EE283328-26B2-48A6-8D46-C5C4D831A18F}.Debug|Any CPU.ActiveCfg = Debug|Any CPU
		{EE283328-26B2-48A6-8D46-C5C4D831A18F}.Debug|Any CPU.Build.0 = Debug|Any CPU
		{EE283328-26B2-48A6-8D46-C5C4D831A18F}.Release|Any CPU.ActiveCfg = Release|Any CPU
		{EE283328-26B2-48A6-8D46-C5C4D831A18F}.Release|Any CPU.Build.0 = Release|Any CPU
		{D46E3225-1C81-42BD-8B56-02FDD6CA3347}.Debug|Any CPU.ActiveCfg = Debug|Any CPU
		{D46E3225-1C81-42BD-8B56-02FDD6CA3347}.Debug|Any CPU.Build.0 = Debug|Any CPU
		{D46E3225-1C81-42BD-8B56-02FDD6CA3347}.Release|Any CPU.ActiveCfg = Release|Any CPU
		{D46E3225-1C81-42BD-8B56-02FDD6CA3347}.Release|Any CPU.Build.0 = Release|Any CPU
		{B4A72861-3B6D-4751-BC49-A0338E17ED87}.Debug|Any CPU.ActiveCfg = Debug|Any CPU
		{B4A72861-3B6D-4751-BC49-A0338E17ED87}.Debug|Any CPU.Build.0 = Debug|Any CPU
		{B4A72861-3B6D-4751-BC49-A0338E17ED87}.Release|Any CPU.ActiveCfg = Release|Any CPU
		{B4A72861-3B6D-4751-BC49-A0338E17ED87}.Release|Any CPU.Build.0 = Release|Any CPU
		{7798643D-9575-4DF1-AE08-7B8C8A54B427}.Debug|Any CPU.ActiveCfg = Debug|Any CPU
		{7798643D-9575-4DF1-AE08-7B8C8A54B427}.Debug|Any CPU.Build.0 = Debug|Any CPU
		{7798643D-9575-4DF1-AE08-7B8C8A54B427}.Release|Any CPU.ActiveCfg = Release|Any CPU
		{7798643D-9575-4DF1-AE08-7B8C8A54B427}.Release|Any CPU.Build.0 = Release|Any CPU
	EndGlobalSection
	GlobalSection(SolutionProperties) = preSolution
		HideSolutionNode = FALSE
	EndGlobalSection
	GlobalSection(ExtensibilityGlobals) = postSolution
		SolutionGuid = {21CE3ECC-A118-43B0-BB13-493825744490}
	EndGlobalSection
EndGlobal
